{
    "_meta": {
        "hash": {
            "sha256": "721263c01394001804cde3895097045d9dc8a08238af41bae6cb31c0fc77221d"
        },
        "pipfile-spec": 6,
        "requires": {
            "python_version": "3.10"
        },
        "sources": [
            {
                "name": "pypi",
                "url": "https://pypi.org/simple",
                "verify_ssl": true
            }
        ]
    },
    "default": {
        "asgiref": {
            "hashes": [
                "sha256:1d2880b792ae8757289136f1db2b7b99100ce959b2aa57fd69dab783d05afac4",
                "sha256:4a29362a6acebe09bf1d6640db38c1dc3d9217c68e6f9f6204d72667fc19a424"
            ],
            "markers": "python_version >= '3.7'",
            "version": "==3.5.2"
        },
        "django": {
            "hashes": [
                "sha256:0fabc786489af16ad87a8c170ba9d42bfd23f7b699bd5ef05675864e8d012859",
                "sha256:72a4a5a136a214c39cf016ccdd6b69e2aa08c7479c66d93f3a9b5e4bb9d8a347"
            ],
            "index": "pypi",
            "version": "==3.1.14"
        },
        "django-debug-toolbar": {
            "hashes": [
                "sha256:644bbd5c428d3283aa9115722471769cac1bec189edf3a0c855fd8ff870375a9",
                "sha256:6b633b6cfee24f232d73569870f19aa86c819d750e7f3e833f2344a9eb4b4409"
            ],
            "index": "pypi",
            "version": "==3.2.4"
        },
        "django-environ": {
            "hashes": [
                "sha256:bff5381533056328c9ac02f71790bd5bf1cea81b1beeb648f28b81c9e83e0a21",
                "sha256:f21a5ef8cc603da1870bbf9a09b7e5577ab5f6da451b843dbcc721a7bca6b3d9"
            ],
            "index": "pypi",
            "version": "==0.9.0"
        },
        "django-extensions": {
            "hashes": [
                "sha256:28e1e1bf49f0e00307ba574d645b0af3564c981a6dfc87209d48cb98f77d0b1a",
                "sha256:9238b9e016bb0009d621e05cf56ea8ce5cce9b32e91ad2026996a7377ca28069"
            ],
            "index": "pypi",
            "version": "==3.1.5"
        },
        "django-registration-redux": {
            "hashes": [
                "sha256:5079dd36980cc0faddf91a6e991129680410611b1059d8154d064cc0146744b2",
                "sha256:88eb98530d98a7e3451bf728c0a5f6fe7ea2f45c65ef18f619ef37b940c854f5"
            ],
            "index": "pypi",
            "version": "==2.11"
        },
        "djangorestframework": {
            "hashes": [
                "sha256:7fb1c91a8f9aa5ccb39d1568925a6433659dacfc1af7ac757b293d6451ddb9e1",
                "sha256:9d5b07a2dd29b4fb18da2e6a888051f34b286b3bfc1c3fe885a17e16e389c569"
            ],
            "index": "pypi",
            "version": "==3.12.0"
        },
        "pygments": {
            "hashes": [
                "sha256:2a3fe295e54a20164a9df49c75fa58526d3be48e14aceba6d6b1e8ac0bfd6f1b",
                "sha256:98c8aa5a9f778fcd1026a17361ddaf7330d1b7c62ae97c3bb0ae73e0b9b6b0fe"
            ],
            "index": "pypi",
            "version": "==2.5.2"
        },
        "pytz": {
            "hashes": [
                "sha256:220f481bdafa09c3955dfbdddb7b57780e9a94f5127e35456a48589b9e0c0197",
                "sha256:cea221417204f2d1a2aa03ddae3e867921971d0d76f14d87abb4414415bbdcf5"
            ],
            "version": "==2022.2.1"
        },
        "sqlparse": {
            "hashes": [
                "sha256:0c00730c74263a94e5a9919ade150dfc3b19c574389985446148402998287dae",
                "sha256:48719e356bb8b42991bdbb1e8b83223757b93789c00910a616a071910ca4a64d"
            ],
            "markers": "python_version >= '3.5'",
            "version": "==0.4.2"
        }
    },
    "develop": {}
}
